
Microsoft Visual Studio Solution File, Format Version 12.00
# Visual Studio Version 17
VisualStudioVersion = 17.0.32112.339
MinimumVisualStudioVersion = 10.0.40219.1
Project("{9A19103F-16F7-4668-BE54-9A1E7A4F7556}") = "DroneDeliveryService", "DroneDeliveryService\DroneDeliveryService.csproj", "{7F8E1A02-CCE6-4805-AB1A-18A025D6B590}"
EndProject
Project("{FAE04EC0-301F-11D3-BF4B-00C04F79EFBC}") = "DroneDeliveryServiceTest", "DroneDeliveryServiceTest\DroneDeliveryServiceTest.csproj", "{159AFFD4-2879-422D-AE84-1CBC56AE26E3}"
EndProject
Global
	GlobalSection(SolutionConfigurationPlatforms) = preSolution
		Debug|Any CPU = Debug|Any CPU
		Release|Any CPU = Release|Any CPU
	EndGlobalSection
	GlobalSection(ProjectConfigurationPlatforms) = postSolution
		{7F8E1A02-CCE6-4805-AB1A-18A025D6B590}.Debug|Any CPU.ActiveCfg = Debug|Any CPU
		{7F8E1A02-CCE6-4805-AB1A-18A025D6B590}.Debug|Any CPU.Build.0 = Debug|Any CPU
		{7F8E1A02-CCE6-4805-AB1A-18A025D6B590}.Release|Any CPU.ActiveCfg = Release|Any CPU
		{7F8E1A02-CCE6-4805-AB1A-18A025D6B590}.Release|Any CPU.Build.0 = Release|Any CPU
		{159AFFD4-2879-422D-AE84-1CBC56AE26E3}.Debug|Any CPU.ActiveCfg = Debug|Any CPU
		{159AFFD4-2879-422D-AE84-1CBC56AE26E3}.Debug|Any CPU.Build.0 = Debug|Any CPU
		{159AFFD4-2879-422D-AE84-1CBC56AE26E3}.Release|Any CPU.ActiveCfg = Release|Any CPU
		{159AFFD4-2879-422D-AE84-1CBC56AE26E3}.Release|Any CPU.Build.0 = Release|Any CPU
	EndGlobalSection
	GlobalSection(SolutionProperties) = preSolution
		HideSolutionNode = FALSE
	EndGlobalSection
	GlobalSection(ExtensibilityGlobals) = postSolution
		SolutionGuid = {EAB93FE8-3106-4B56-A101-78C59E141577}
	EndGlobalSection
EndGlobal
